
Microsoft Visual Studio Solution File, Format Version 12.00
# Visual Studio 15
VisualStudioVersion = 15.0.28010.2046
MinimumVisualStudioVersion = 10.0.40219.1
Project("{8BC9CEB8-8B4A-11D0-8D11-00A0C91BC942}") = "os_project1", "os_project1\os_project1.vcxproj", "{D8608F5B-6190-4420-8987-7194790930E3}"
EndProject
Global
	GlobalSection(SolutionConfigurationPlatforms) = preSolution
		Debug|x64 = Debug|x64
		Debug|x86 = Debug|x86
		Release|x64 = Release|x64
		Release|x86 = Release|x86
	EndGlobalSection
	GlobalSection(ProjectConfigurationPlatforms) = postSolution
		{D8608F5B-6190-4420-8987-7194790930E3}.Debug|x64.ActiveCfg = Debug|x64
		{D8608F5B-6190-4420-8987-7194790930E3}.Debug|x64.Build.0 = Debug|x64
		{D8608F5B-6190-4420-8987-7194790930E3}.Debug|x86.ActiveCfg = Debug|Win32
		{D8608F5B-6190-4420-8987-7194790930E3}.Debug|x86.Build.0 = Debug|Win32
		{D8608F5B-6190-4420-8987-7194790930E3}.Release|x64.ActiveCfg = Release|x64
		{D8608F5B-6190-4420-8987-7194790930E3}.Release|x64.Build.0 = Release|x64
		{D8608F5B-6190-4420-8987-7194790930E3}.Release|x86.ActiveCfg = Release|Win32
		{D8608F5B-6190-4420-8987-7194790930E3}.Release|x86.Build.0 = Release|Win32
	EndGlobalSection
	GlobalSection(SolutionProperties) = preSolution
		HideSolutionNode = FALSE
	EndGlobalSection
	GlobalSection(ExtensibilityGlobals) = postSolution
		SolutionGuid = {666A8006-C175-4449-83DE-500EF32942B1}
	EndGlobalSection
EndGlobal
